
Microsoft Visual Studio Solution File, Format Version 12.00
# Visual Studio Version 16
VisualStudioVersion = 16.0.30114.105
MinimumVisualStudioVersion = 10.0.40219.1
Project("{FAE04EC0-301F-11D3-BF4B-00C04F79EFBC}") = "PythonNetStubGenerator", "PythonNetStubGenerator\PythonNetStubGenerator.csproj", "{9B4842F0-80F6-44AD-A793-E76A7E72D01E}"
EndProject
Project("{FAE04EC0-301F-11D3-BF4B-00C04F79EFBC}") = "PythonNetStubTool", "PythonNetStubTool\PythonNetStubTool.csproj", "{F62F1E52-9925-4674-B2CE-BE083D848C6C}"
EndProject
Global
	GlobalSection(SolutionConfigurationPlatforms) = preSolution
		Debug|Any CPU = Debug|Any CPU
		Release|Any CPU = Release|Any CPU
	EndGlobalSection
	GlobalSection(SolutionProperties) = preSolution
		HideSolutionNode = FALSE
	EndGlobalSection
	GlobalSection(ProjectConfigurationPlatforms) = postSolution
		{9B4842F0-80F6-44AD-A793-E76A7E72D01E}.Debug|Any CPU.ActiveCfg = Debug|Any CPU
		{9B4842F0-80F6-44AD-A793-E76A7E72D01E}.Debug|Any CPU.Build.0 = Debug|Any CPU
		{9B4842F0-80F6-44AD-A793-E76A7E72D01E}.Release|Any CPU.ActiveCfg = Release|Any CPU
		{9B4842F0-80F6-44AD-A793-E76A7E72D01E}.Release|Any CPU.Build.0 = Release|Any CPU
		{F62F1E52-9925-4674-B2CE-BE083D848C6C}.Debug|Any CPU.ActiveCfg = Debug|Any CPU
		{F62F1E52-9925-4674-B2CE-BE083D848C6C}.Debug|Any CPU.Build.0 = Debug|Any CPU
		{F62F1E52-9925-4674-B2CE-BE083D848C6C}.Release|Any CPU.ActiveCfg = Release|Any CPU
		{F62F1E52-9925-4674-B2CE-BE083D848C6C}.Release|Any CPU.Build.0 = Release|Any CPU
	EndGlobalSection
EndGlobal
